
Microsoft Visual Studio Solution File, Format Version 12.00
# Visual Studio Version 17
VisualStudioVersion = 17.14.36908.2 d17.14
MinimumVisualStudioVersion = 10.0.40219.1
Project("{FAE04EC0-301F-11D3-BF4B-00C04F79EFBC}") = "GeolocalizacionIPs", "GeolocalizacionIPs.csproj", "{27BA76F6-0D16-4488-82D3-BD67687F719B}"
EndProject
Global
	GlobalSection(SolutionConfigurationPlatforms) = preSolution
		Debug|Any CPU = Debug|Any CPU
		Release|Any CPU = Release|Any CPU
	EndGlobalSection
	GlobalSection(ProjectConfigurationPlatforms) = postSolution
		{27BA76F6-0D16-4488-82D3-BD67687F719B}.Debug|Any CPU.ActiveCfg = Debug|Any CPU
		{27BA76F6-0D16-4488-82D3-BD67687F719B}.Debug|Any CPU.Build.0 = Debug|Any CPU
		{27BA76F6-0D16-4488-82D3-BD67687F719B}.Release|Any CPU.ActiveCfg = Release|Any CPU
		{27BA76F6-0D16-4488-82D3-BD67687F719B}.Release|Any CPU.Build.0 = Release|Any CPU
	EndGlobalSection
	GlobalSection(SolutionProperties) = preSolution
		HideSolutionNode = FALSE
	EndGlobalSection
	GlobalSection(ExtensibilityGlobals) = postSolution
		SolutionGuid = {A6DF73E9-D74A-4497-A1DA-64B4C14DBF3A}
	EndGlobalSection
EndGlobal
